{
  "object": {
    "pins": [
      {
        "package": "ArrayBuilder",
        "repositoryURL": "https://github.com/juliand665/ArrayBuilder.git",
        "state": {
          "branch": null,
          "revision": "1d7b2707ba07789b1ebe2589a40407849c43420c",
          "version": "1.0.0"
        }
      },
      {
        "package": "CGeometry",
        "repositoryURL": "https://github.com/juliand665/CGeometry",
        "state": {
          "branch": null,
          "revision": "ac52d6473d585836108a51a5f940464795efdc26",
          "version": "0.3.0"
        }
      },
      {
        "package": "GRDB",
        "repositoryURL": "https://github.com/groue/GRDB.swift.git",
        "state": {
          "branch": null,
          "revision": "5ee47c3c2765bdfde0f44c2ea9a263f6aa252d63",
          "version": "4.14.0"
        }
      },
      {
        "package": "HandyOperators",
        "repositoryURL": "https://github.com/juliand665/HandyOperators.git",
        "state": {
          "branch": null,
          "revision": "483aa96950ad3078d092b2ba8d9dda6ea6576244",
          "version": "1.0.0"
        }
      },
      {
        "package": "Promise",
        "repositoryURL": "https://github.com/timvermeulen/Promise.git",
        "state": {
          "branch": null,
          "revision": "5152cf895afe696193c881af6bfc5c3caa876db4",
          "version": "1.14.0"
        }
      },
      {
        "package": "PullToExpand",
        "repositoryURL": "https://github.com/juliand665/PullToExpand.git",
        "state": {
          "branch": null,
          "revision": "0e7d27acc686fe3d7a65ffa25407e9479cec1047",
          "version": "1.3.0"
        }
      },
      {
        "package": "UserDefault",
        "repositoryURL": "https://github.com/juliand665/UserDefault.git",
        "state": {
          "branch": null,
          "revision": "c3e6ac25a1e42cd7c6aab25b3067f1ac3c594e78",
          "version": "1.0.1"
        }
      }
    ]
  },
  "version": 1
}
